<?xml version="1.0" encoding="utf-8"?>
<Project ToolsVersion="4.0" xmlns="http://schemas.microsoft.com/developer/msbuild/2003">
  <ItemGroup>
    <Filter Include="Source Files">
      <UniqueIdentifier>{4FC737F1-C7A5-4376-A066-2A32D752A2FF}</UniqueIdentifier>
      <Extensions>cpp;c;cc;cxx;def;odl;idl;hpj;bat;asm;asmx</Extensions>
    </Filter>
    <Filter Include="Header Files">
      <UniqueIdentifier>{93995380-89BD-4b04-88EB-625FBE52EBFB}</UniqueIdentifier>
      <Extensions>h;hh;hpp;hxx;hm;inl;inc;ipp;xsd</Extensions>
    </Filter>
    <Filter Include="Resource Files">
      <UniqueIdentifier>{67DA6AB6-F800-4c08-8B7A-83BB121AAD01}</UniqueIdentifier>
      <Extensions>rc;ico;cur;bmp;dlg;rc2;rct;bin;rgs;gif;jpg;jpeg;jpe;resx;tiff;tif;png;wav;mfcribbon-ms</Extensions>
    </Filter>
  </ItemGroup>
  <ItemGroup>
    <ClCompile Include="vendor\glad\src\glad.c">
      <Filter>Source Files</Filter>
    </ClCompile>
    <ClCompile Include="src\Application.cpp">
      <Filter>Source Files</Filter>
    </ClCompile>
    <ClCompile Include="src\Shader.cpp">
      <Filter>Source Files</Filter>
    </ClCompile>
    <ClCompile Include="src\Renderer.cpp">
      <Filter>Source Files</Filter>
    </ClCompile>
    <ClCompile Include="src\VertexArray.cpp">
      <Filter>Source Files</Filter>
    </ClCompile>
    <ClCompile Include="src\IndexBuffer.cpp">
      <Filter>Source Files</Filter>
    </ClCompile>
    <ClCompile Include="src\VertexBuffer.cpp">
      <Filter>Source Files</Filter>
    </ClCompile>
    <ClCompile Include="src\tests\Test1.cpp">
      <Filter>Source Files</Filter>
    </ClCompile>
    <ClCompile Include="vendor\stb_image\stb_image.cpp">
      <Filter>Source Files</Filter>
    </ClCompile>
    <ClCompile Include="src\tests\Test2.cpp">
      <Filter>Source Files</Filter>
    </ClCompile>
    <ClCompile Include="src\Texture.cpp">
      <Filter>Source Files</Filter>
    </ClCompile>
    <ClCompile Include="vendor\imgui\imgui.cpp">
      <Filter>Source Files</Filter>
    </ClCompile>
    <ClCompile Include="vendor\imgui\imgui_demo.cpp">
      <Filter>Source Files</Filter>
    </ClCompile>
    <ClCompile Include="vendor\imgui\imgui_draw.cpp">
      <Filter>Source Files</Filter>
    </ClCompile>
    <ClCompile Include="vendor\imgui\imgui_impl_glfw.cpp">
      <Filter>Source Files</Filter>
    </ClCompile>
    <ClCompile Include="vendor\imgui\imgui_impl_opengl3.cpp">
      <Filter>Source Files</Filter>
    </ClCompile>
    <ClCompile Include="vendor\imgui\imgui_widgets.cpp">
      <Filter>Source Files</Filter>
    </ClCompile>
    <ClCompile Include="src\tests\Test3.cpp">
      <Filter>Source Files</Filter>
    </ClCompile>
    <ClCompile Include="src\tests\Test4.cpp">
      <Filter>Source Files</Filter>
    </ClCompile>
    <ClCompile Include="src\Camera.cpp">
      <Filter>Source Files</Filter>
    </ClCompile>
    <ClCompile Include="src\tests\Test5.cpp">
      <Filter>Source Files</Filter>
    </ClCompile>
    <ClCompile Include="src\InputSystem.cpp">
      <Filter>Source Files</Filter>
    </ClCompile>
    <ClCompile Include="src\CustomGLCallback.cpp">
      <Filter>Source Files</Filter>
    </ClCompile>
    <ClCompile Include="src\tests\Test6.cpp">
      <Filter>Source Files</Filter>
    </ClCompile>
    <ClCompile Include="src\tests\Test7.cpp">
      <Filter>Source Files</Filter>
    </ClCompile>
    <ClCompile Include="src\tests\Test8.cpp">
      <Filter>Source Files</Filter>
    </ClCompile>
    <ClCompile Include="src\tests\Test9.cpp">
      <Filter>Source Files</Filter>
    </ClCompile>
    <ClCompile Include="src\Mesh.cpp">
      <Filter>Source Files</Filter>
    </ClCompile>
    <ClCompile Include="src\tests\Test10.cpp">
      <Filter>Source Files</Filter>
    </ClCompile>
    <ClCompile Include="src\Model.cpp">
      <Filter>Source Files</Filter>
    </ClCompile>
    <ClCompile Include="src\TextureManager.cpp">
      <Filter>Source Files</Filter>
    </ClCompile>
    <ClCompile Include="src\tests\Test11.cpp">
      <Filter>Source Files</Filter>
    </ClCompile>
    <ClCompile Include="src\tests\Test12.cpp">
      <Filter>Source Files</Filter>
    </ClCompile>
    <ClCompile Include="src\tests\Test13.cpp">
      <Filter>Source Files</Filter>
    </ClCompile>
    <ClCompile Include="src\tests\Test14.cpp">
      <Filter>Source Files</Filter>
    </ClCompile>
    <ClCompile Include="src\FrameBuffer.cpp">
      <Filter>Source Files</Filter>
    </ClCompile>
    <ClCompile Include="src\tests\Test15.cpp">
      <Filter>Source Files</Filter>
    </ClCompile>
    <ClCompile Include="src\RenderBuffer.cpp">
      <Filter>Source Files</Filter>
    </ClCompile>
    <ClCompile Include="src\Cubemap.cpp">
      <Filter>Source Files</Filter>
    </ClCompile>
    <ClCompile Include="src\tests\Test16.cpp">
      <Filter>Source Files</Filter>
    </ClCompile>
    <ClCompile Include="src\tests\Test17.cpp">
      <Filter>Source Files</Filter>
    </ClCompile>
    <ClCompile Include="src\tests\Test18.cpp">
      <Filter>Source Files</Filter>
    </ClCompile>
    <ClCompile Include="src\tests\Test19.cpp">
      <Filter>Source Files</Filter>
    </ClCompile>
    <ClCompile Include="src\tests\Test20.cpp">
      <Filter>Source Files</Filter>
    </ClCompile>
    <ClCompile Include="src\Shape.cpp">
      <Filter>Source Files</Filter>
    </ClCompile>
    <ClCompile Include="src\tests\Test21.cpp">
      <Filter>Source Files</Filter>
    </ClCompile>
  </ItemGroup>
  <ItemGroup>
    <ClInclude Include="src\Shader.h">
      <Filter>Header Files</Filter>
    </ClInclude>
    <ClInclude Include="src\Renderer.h">
      <Filter>Header Files</Filter>
    </ClInclude>
    <ClInclude Include="src\VertexArray.h">
      <Filter>Header Files</Filter>
    </ClInclude>
    <ClInclude Include="src\VertexBufferLayout.h">
      <Filter>Header Files</Filter>
    </ClInclude>
    <ClInclude Include="src\IndexBuffer.h">
      <Filter>Header Files</Filter>
    </ClInclude>
    <ClInclude Include="src\VertexBuffer.h">
      <Filter>Header Files</Filter>
    </ClInclude>
    <ClInclude Include="src\tests\Test.h">
      <Filter>Header Files</Filter>
    </ClInclude>
    <ClInclude Include="src\tests\Test1.h">
      <Filter>Header Files</Filter>
    </ClInclude>
    <ClInclude Include="vendor\stb_image\stb_image.h">
      <Filter>Header Files</Filter>
    </ClInclude>
    <ClInclude Include="src\tests\Test2.h">
      <Filter>Header Files</Filter>
    </ClInclude>
    <ClInclude Include="src\Texture.h">
      <Filter>Header Files</Filter>
    </ClInclude>
    <ClInclude Include="vendor\imgui\imconfig.h">
      <Filter>Header Files</Filter>
    </ClInclude>
    <ClInclude Include="vendor\imgui\imgui.h">
      <Filter>Header Files</Filter>
    </ClInclude>
    <ClInclude Include="vendor\imgui\imgui_impl_glfw.h">
      <Filter>Header Files</Filter>
    </ClInclude>
    <ClInclude Include="vendor\imgui\imgui_impl_opengl3.h">
      <Filter>Header Files</Filter>
    </ClInclude>
    <ClInclude Include="vendor\imgui\imgui_internal.h">
      <Filter>Header Files</Filter>
    </ClInclude>
    <ClInclude Include="vendor\imgui\imstb_rectpack.h">
      <Filter>Header Files</Filter>
    </ClInclude>
    <ClInclude Include="vendor\imgui\imstb_textedit.h">
      <Filter>Header Files</Filter>
    </ClInclude>
    <ClInclude Include="vendor\imgui\imstb_truetype.h">
      <Filter>Header Files</Filter>
    </ClInclude>
    <ClInclude Include="src\tests\Test3.h">
      <Filter>Header Files</Filter>
    </ClInclude>
    <ClInclude Include="src\tests\Test4.h">
      <Filter>Header Files</Filter>
    </ClInclude>
    <ClInclude Include="src\Camera.h">
      <Filter>Header Files</Filter>
    </ClInclude>
    <ClInclude Include="src\tests\Test5.h">
      <Filter>Header Files</Filter>
    </ClInclude>
    <ClInclude Include="src\InputSystem.h">
      <Filter>Header Files</Filter>
    </ClInclude>
    <ClInclude Include="src\CustomGLCallback.h">
      <Filter>Header Files</Filter>
    </ClInclude>
    <ClInclude Include="src\tests\Test6.h">
      <Filter>Header Files</Filter>
    </ClInclude>
    <ClInclude Include="src\tests\Test7.h">
      <Filter>Header Files</Filter>
    </ClInclude>
    <ClInclude Include="src\tests\Test8.h">
      <Filter>Header Files</Filter>
    </ClInclude>
    <ClInclude Include="src\tests\Test9.h">
      <Filter>Header Files</Filter>
    </ClInclude>
    <ClInclude Include="src\Mesh.h">
      <Filter>Header Files</Filter>
    </ClInclude>
    <ClInclude Include="src\tests\Test10.h">
      <Filter>Header Files</Filter>
    </ClInclude>
    <ClInclude Include="src\Light.h">
      <Filter>Header Files</Filter>
    </ClInclude>
    <ClInclude Include="src\Model.h">
      <Filter>Header Files</Filter>
    </ClInclude>
    <ClInclude Include="src\TextureManager.h">
      <Filter>Header Files</Filter>
    </ClInclude>
    <ClInclude Include="src\tests\Test11.h">
      <Filter>Header Files</Filter>
    </ClInclude>
    <ClInclude Include="src\tests\Test12.h">
      <Filter>Header Files</Filter>
    </ClInclude>
    <ClInclude Include="src\tests\Test13.h">
      <Filter>Header Files</Filter>
    </ClInclude>
    <ClInclude Include="src\tests\Test14.h">
      <Filter>Header Files</Filter>
    </ClInclude>
    <ClInclude Include="src\FrameBuffer.h">
      <Filter>Header Files</Filter>
    </ClInclude>
    <ClInclude Include="src\tests\Test15.h">
      <Filter>Header Files</Filter>
    </ClInclude>
    <ClInclude Include="src\RenderBuffer.h">
      <Filter>Header Files</Filter>
    </ClInclude>
    <ClInclude Include="src\Cubemap.h">
      <Filter>Header Files</Filter>
    </ClInclude>
    <ClInclude Include="src\tests\Test16.h">
      <Filter>Header Files</Filter>
    </ClInclude>
    <ClInclude Include="src\tests\Test17.h">
      <Filter>Header Files</Filter>
    </ClInclude>
    <ClInclude Include="src\tests\Test18.h">
      <Filter>Header Files</Filter>
    </ClInclude>
    <ClInclude Include="src\tests\Test19.h">
      <Filter>Header Files</Filter>
    </ClInclude>
    <ClInclude Include="src\tests\Test20.h">
      <Filter>Header Files</Filter>
    </ClInclude>
    <ClInclude Include="src\Shape.h">
      <Filter>Header Files</Filter>
    </ClInclude>
    <ClInclude Include="src\tests\Test21.h">
      <Filter>Header Files</Filter>
    </ClInclude>
  </ItemGroup>
  <ItemGroup>
    <None Include="res\shaders\Test1\vertex.glsl" />
    <None Include="res\shaders\Test1\fragment.glsl" />
    <None Include="res\shaders\Test2\fragment.glsl" />
    <None Include="res\shaders\Test2\vertex.glsl" />
    <None Include="res\shaders\Test3\fragment.glsl" />
    <None Include="res\shaders\Test3\vertex.glsl" />
    <None Include="res\shaders\Test4\vertex.glsl" />
    <None Include="res\shaders\Test4\fragment.glsl" />
    <None Include="res\shaders\Test5\fragment.glsl" />
    <None Include="res\shaders\Test5\vertex.glsl" />
    <None Include="res\shaders\Test6\fragment.glsl" />
    <None Include="res\shaders\Test6\vertex.glsl" />
    <None Include="res\shaders\Test6\lightFragment.glsl" />
    <None Include="res\shaders\Test7\vertex.glsl" />
    <None Include="res\shaders\Test7\fragment.glsl" />
    <None Include="res\shaders\Test7\lightFragment.glsl" />
    <None Include="res\shaders\Test8\fragment.glsl" />
    <None Include="res\shaders\Test8\lightFragment.glsl" />
    <None Include="res\shaders\Test8\vertex.glsl" />
    <None Include="res\shaders\Test9\fragment.glsl" />
    <None Include="res\shaders\Test9\lightFragment.glsl" />
    <None Include="res\shaders\Test9\vertex.glsl" />
    <None Include="res\shaders\Test9\DirectionalLightFragment.glsl" />
    <None Include="res\shaders\Test9\PointLightFragment.glsl" />
    <None Include="res\shaders\Test9\SpotLightFragment.glsl" />
    <None Include="res\shaders\Test10\vertex.glsl" />
    <None Include="res\shaders\Test10\lightFragment.glsl" />
    <None Include="res\shaders\Test10\fragment.glsl" />
    <None Include="res\shaders\Test11\fragment.glsl" />
    <None Include="res\shaders\Test11\lightFragment.glsl" />
    <None Include="res\shaders\Test11\vertex.glsl" />
    <None Include="res\shaders\Test11\depthFragment.glsl" />
    <None Include="res\shaders\Test12\fragment.glsl" />
    <None Include="res\shaders\Test12\lightFragment.glsl" />
    <None Include="res\shaders\Test12\vertex.glsl" />
    <None Include="res\shaders\Test12\shaderSingleColor.glsl" />
    <None Include="res\shaders\Test13\fragment.glsl" />
    <None Include="res\shaders\Test13\vertex.glsl" />
    <None Include="res\shaders\Test14\fragment.glsl" />
    <None Include="res\shaders\Test14\vertex.glsl" />
    <None Include="res\shaders\Test15\fragment.glsl" />
    <None Include="res\shaders\Test15\vertex.glsl" />
    <None Include="res\shaders\Test15\simple_f.glsl" />
    <None Include="res\shaders\Test15\simple_v.glsl" />
    <None Include="res\shaders\Test15\inversion_f.glsl" />
    <None Include="res\shaders\Test15\greyscale_f.glsl" />
    <None Include="res\shaders\Test15\greyscale_pb_f.glsl" />
    <None Include="res\shaders\Test15\kernel_sharpen_f.glsl" />
    <None Include="res\shaders\Test15\kernel_blur_f.glsl" />
    <None Include="res\shaders\Test15\kernel_edge-detection_f.glsl" />
    <None Include="res\shaders\Test16\vertex.glsl" />
    <None Include="res\shaders\Test16\vertex_skybox.glsl" />
    <None Include="res\shaders\Test16\fragment_skybox.glsl" />
    <None Include="res\shaders\Test16\fragment_chrome.glsl" />
    <None Include="res\shaders\Test16\fragment_glass.glsl" />
    <None Include="res\shaders\Test16\fragment_reflection_model.glsl" />
    <None Include="res\shaders\Test17\vertex.glsl" />
    <None Include="res\shaders\Test17\fragment.glsl" />
    <None Include="res\shaders\Test17\geometry.glsl" />
    <None Include="res\shaders\Test17\geometry_normal.glsl" />
    <None Include="res\shaders\Test17\vertex_normal.glsl" />
    <None Include="res\shaders\Test17\fragment_normal.glsl" />
    <None Include="res\shaders\Test18\vertex.glsl" />
    <None Include="res\shaders\Test18\fragment.glsl" />
    <None Include="res\shaders\Test18\rock_fragment.glsl" />
    <None Include="res\shaders\Test18\rock_vertex.glsl" />
    <None Include="res\shaders\Test19\vertex.glsl" />
    <None Include="res\shaders\Test19\fragment.glsl" />
    <None Include="res\shaders\Test20\fragment.glsl" />
    <None Include="res\shaders\Test20\vertex.glsl" />
    <None Include="res\shaders\Test20\simple_depth_vertex.glsl" />
    <None Include="res\shaders\Test20\simple_depth_fragment.glsl" />
    <None Include="res\shaders\Test20\debug_depth_fragment.glsl" />
    <None Include="res\shaders\Test20\debug_depth_vertex.glsl" />
    <None Include="res\shaders\Test21\fragment.glsl" />
    <None Include="res\shaders\Test21\simple_depth_fragment.glsl" />
    <None Include="res\shaders\Test21\simple_depth_vertex.glsl" />
    <None Include="res\shaders\Test21\vertex.glsl" />
  </ItemGroup>
</Project>